// !$*UTF8*$!
{
	archiveVersion = 1;
	classes = {
	};
	objectVersion = 46;
	objects = {

/* Begin PBXBuildFile section */
		0FAE5705C2E87D0A046A4151 /* Pods_Cuisine.framework in Frameworks */ = {isa = PBXBuildFile; fileRef = 518E46E90A6FEA036CBE337D /* Pods_Cuisine.framework */; };
		CA1238B81E2F842700FE2759 /* week.swift in Sources */ = {isa = PBXBuildFile; fileRef = CA1238B71E2F842700FE2759 /* week.swift */; };
		CA12F2AB1E2E595300C0003A /* meals.swift in Sources */ = {isa = PBXBuildFile; fileRef = CA12F2AA1E2E595300C0003A /* meals.swift */; };
		CA12F2AD1E2E68E900C0003A /* UsersViewController.swift in Sources */ = {isa = PBXBuildFile; fileRef = CA12F2AC1E2E68E900C0003A /* UsersViewController.swift */; };
		CA12F2AF1E2E68F900C0003A /* MenuUserViewController.swift in Sources */ = {isa = PBXBuildFile; fileRef = CA12F2AE1E2E68F900C0003A /* MenuUserViewController.swift */; };
		CA12F2B11E2E692200C0003A /* MealsTodayTableViewCell.swift in Sources */ = {isa = PBXBuildFile; fileRef = CA12F2B01E2E692200C0003A /* MealsTodayTableViewCell.swift */; };
		CA12F2B31E2E692C00C0003A /* UsersTableViewCell.swift in Sources */ = {isa = PBXBuildFile; fileRef = CA12F2B21E2E692C00C0003A /* UsersTableViewCell.swift */; };
		CA16B9CE1E2660BF004C1B2E /* GoogleService-Info.plist in Resources */ = {isa = PBXBuildFile; fileRef = CA16B9CD1E2660BF004C1B2E /* GoogleService-Info.plist */; };
		CA16B9D21E268A91004C1B2E /* LoginViewController.swift in Sources */ = {isa = PBXBuildFile; fileRef = CA16B9D11E268A91004C1B2E /* LoginViewController.swift */; };
		CA16B9E61E28F117004C1B2E /* TodayMealsViewController.swift in Sources */ = {isa = PBXBuildFile; fileRef = CA16B9E51E28F117004C1B2E /* TodayMealsViewController.swift */; };
		CA16B9EC1E2B9F13004C1B2E /* MealsTableViewCell.swift in Sources */ = {isa = PBXBuildFile; fileRef = CA16B9EB1E2B9F13004C1B2E /* MealsTableViewCell.swift */; };
		CA16B9F21E2BAE00004C1B2E /* CormetSubmitMealsViewController.swift in Sources */ = {isa = PBXBuildFile; fileRef = CA16B9F11E2BAE00004C1B2E /* CormetSubmitMealsViewController.swift */; };
		CA16B9F41E2C13CD004C1B2E /* WeekTableViewController.swift in Sources */ = {isa = PBXBuildFile; fileRef = CA16B9F31E2C13CD004C1B2E /* WeekTableViewController.swift */; };
		CA16B9F61E2C13DC004C1B2E /* WeekTableViewCell.swift in Sources */ = {isa = PBXBuildFile; fileRef = CA16B9F51E2C13DC004C1B2E /* WeekTableViewCell.swift */; };
		CA34ED661E24FE0900C8748F /* AppDelegate.swift in Sources */ = {isa = PBXBuildFile; fileRef = CA34ED651E24FE0900C8748F /* AppDelegate.swift */; };
		CA34ED6B1E24FE0900C8748F /* Main.storyboard in Resources */ = {isa = PBXBuildFile; fileRef = CA34ED691E24FE0900C8748F /* Main.storyboard */; };
		CA34ED6D1E24FE0900C8748F /* Assets.xcassets in Resources */ = {isa = PBXBuildFile; fileRef = CA34ED6C1E24FE0900C8748F /* Assets.xcassets */; };
		CA34ED701E24FE0900C8748F /* LaunchScreen.storyboard in Resources */ = {isa = PBXBuildFile; fileRef = CA34ED6E1E24FE0900C8748F /* LaunchScreen.storyboard */; };
		CA34ED7E1E250B4E00C8748F /* RegisterViewController.swift in Sources */ = {isa = PBXBuildFile; fileRef = CA34ED7D1E250B4E00C8748F /* RegisterViewController.swift */; };
		CA659BD21E3765B000C45208 /* CormetMenuViewController.swift in Sources */ = {isa = PBXBuildFile; fileRef = CA659BD11E3765B000C45208 /* CormetMenuViewController.swift */; };
		CA659BD41E3765BE00C45208 /* CormetStandaarAssortimentViewController.swift in Sources */ = {isa = PBXBuildFile; fileRef = CA659BD31E3765BE00C45208 /* CormetStandaarAssortimentViewController.swift */; };
		CA659BD61E37785C00C45208 /* CormetStandardViewController.swift in Sources */ = {isa = PBXBuildFile; fileRef = CA659BD51E37785C00C45208 /* CormetStandardViewController.swift */; };
		CA659BD81E3778B900C45208 /* CormetStandaardTableViewCell.swift in Sources */ = {isa = PBXBuildFile; fileRef = CA659BD71E3778B900C45208 /* CormetStandaardTableViewCell.swift */; };
		CA8C41AB1E362847009A2BE7 /* StandardAssortimentViewController.swift in Sources */ = {isa = PBXBuildFile; fileRef = CA8C41AA1E362847009A2BE7 /* StandardAssortimentViewController.swift */; };
		CA8C41AD1E362999009A2BE7 /* SettingsViewController.swift in Sources */ = {isa = PBXBuildFile; fileRef = CA8C41AC1E362999009A2BE7 /* SettingsViewController.swift */; };
		CAE569451E2CF46200E38109 /* users.swift in Sources */ = {isa = PBXBuildFile; fileRef = CAE569441E2CF46200E38109 /* users.swift */; };
		CAEBD46A1E321B440095640E /* FavoriteTableViewCell.swift in Sources */ = {isa = PBXBuildFile; fileRef = CAEBD4691E321B440095640E /* FavoriteTableViewCell.swift */; };
		CAEBD46C1E321B7A0095640E /* FavoriteViewController.swift in Sources */ = {isa = PBXBuildFile; fileRef = CAEBD46B1E321B7A0095640E /* FavoriteViewController.swift */; };
/* End PBXBuildFile section */

/* Begin PBXFileReference section */
		41BAFE43EB1F6DF59C8ABC27 /* Pods-Cuisine.debug.xcconfig */ = {isa = PBXFileReference; includeInIndex = 1; lastKnownFileType = text.xcconfig; name = "Pods-Cuisine.debug.xcconfig"; path = "Pods/Target Support Files/Pods-Cuisine/Pods-Cuisine.debug.xcconfig"; sourceTree = "<group>"; };
		518E46E90A6FEA036CBE337D /* Pods_Cuisine.framework */ = {isa = PBXFileReference; explicitFileType = wrapper.framework; includeInIndex = 0; path = Pods_Cuisine.framework; sourceTree = BUILT_PRODUCTS_DIR; };
		CA1238B71E2F842700FE2759 /* week.swift */ = {isa = PBXFileReference; fileEncoding = 4; lastKnownFileType = sourcecode.swift; path = week.swift; sourceTree = "<group>"; };
		CA12F2AA1E2E595300C0003A /* meals.swift */ = {isa = PBXFileReference; fileEncoding = 4; lastKnownFileType = sourcecode.swift; path = meals.swift; sourceTree = "<group>"; };
		CA12F2AC1E2E68E900C0003A /* UsersViewController.swift */ = {isa = PBXFileReference; fileEncoding = 4; lastKnownFileType = sourcecode.swift; path = UsersViewController.swift; sourceTree = "<group>"; };
		CA12F2AE1E2E68F900C0003A /* MenuUserViewController.swift */ = {isa = PBXFileReference; fileEncoding = 4; lastKnownFileType = sourcecode.swift; path = MenuUserViewController.swift; sourceTree = "<group>"; };
		CA12F2B01E2E692200C0003A /* MealsTodayTableViewCell.swift */ = {isa = PBXFileReference; fileEncoding = 4; lastKnownFileType = sourcecode.swift; path = MealsTodayTableViewCell.swift; sourceTree = "<group>"; };
		CA12F2B21E2E692C00C0003A /* UsersTableViewCell.swift */ = {isa = PBXFileReference; fileEncoding = 4; lastKnownFileType = sourcecode.swift; path = UsersTableViewCell.swift; sourceTree = "<group>"; };
		CA16B9CD1E2660BF004C1B2E /* GoogleService-Info.plist */ = {isa = PBXFileReference; fileEncoding = 4; lastKnownFileType = text.plist.xml; path = "GoogleService-Info.plist"; sourceTree = "<group>"; };
		CA16B9D11E268A91004C1B2E /* LoginViewController.swift */ = {isa = PBXFileReference; fileEncoding = 4; lastKnownFileType = sourcecode.swift; path = LoginViewController.swift; sourceTree = "<group>"; };
		CA16B9E51E28F117004C1B2E /* TodayMealsViewController.swift */ = {isa = PBXFileReference; fileEncoding = 4; lastKnownFileType = sourcecode.swift; path = TodayMealsViewController.swift; sourceTree = "<group>"; };
		CA16B9EB1E2B9F13004C1B2E /* MealsTableViewCell.swift */ = {isa = PBXFileReference; fileEncoding = 4; lastKnownFileType = sourcecode.swift; path = MealsTableViewCell.swift; sourceTree = "<group>"; };
		CA16B9F11E2BAE00004C1B2E /* CormetSubmitMealsViewController.swift */ = {isa = PBXFileReference; fileEncoding = 4; lastKnownFileType = sourcecode.swift; path = CormetSubmitMealsViewController.swift; sourceTree = "<group>"; };
		CA16B9F31E2C13CD004C1B2E /* WeekTableViewController.swift */ = {isa = PBXFileReference; fileEncoding = 4; lastKnownFileType = sourcecode.swift; path = WeekTableViewController.swift; sourceTree = "<group>"; };
		CA16B9F51E2C13DC004C1B2E /* WeekTableViewCell.swift */ = {isa = PBXFileReference; fileEncoding = 4; lastKnownFileType = sourcecode.swift; path = WeekTableViewCell.swift; sourceTree = "<group>"; };
		CA34ED621E24FE0900C8748F /* Cuisine.app */ = {isa = PBXFileReference; explicitFileType = wrapper.application; includeInIndex = 0; path = Cuisine.app; sourceTree = BUILT_PRODUCTS_DIR; };
		CA34ED651E24FE0900C8748F /* AppDelegate.swift */ = {isa = PBXFileReference; lastKnownFileType = sourcecode.swift; path = AppDelegate.swift; sourceTree = "<group>"; };
		CA34ED6A1E24FE0900C8748F /* Base */ = {isa = PBXFileReference; lastKnownFileType = file.storyboard; name = Base; path = Base.lproj/Main.storyboard; sourceTree = "<group>"; };
		CA34ED6C1E24FE0900C8748F /* Assets.xcassets */ = {isa = PBXFileReference; lastKnownFileType = folder.assetcatalog; path = Assets.xcassets; sourceTree = "<group>"; };
		CA34ED6F1E24FE0900C8748F /* Base */ = {isa = PBXFileReference; lastKnownFileType = file.storyboard; name = Base; path = Base.lproj/LaunchScreen.storyboard; sourceTree = "<group>"; };
		CA34ED711E24FE0900C8748F /* Info.plist */ = {isa = PBXFileReference; lastKnownFileType = text.plist.xml; path = Info.plist; sourceTree = "<group>"; };
		CA34ED7D1E250B4E00C8748F /* RegisterViewController.swift */ = {isa = PBXFileReference; fileEncoding = 4; lastKnownFileType = sourcecode.swift; path = RegisterViewController.swift; sourceTree = "<group>"; };
		CA659BD11E3765B000C45208 /* CormetMenuViewController.swift */ = {isa = PBXFileReference; fileEncoding = 4; lastKnownFileType = sourcecode.swift; path = CormetMenuViewController.swift; sourceTree = "<group>"; };
		CA659BD31E3765BE00C45208 /* CormetStandaarAssortimentViewController.swift */ = {isa = PBXFileReference; fileEncoding = 4; lastKnownFileType = sourcecode.swift; path = CormetStandaarAssortimentViewController.swift; sourceTree = "<group>"; };
		CA659BD51E37785C00C45208 /* CormetStandardViewController.swift */ = {isa = PBXFileReference; fileEncoding = 4; lastKnownFileType = sourcecode.swift; path = CormetStandardViewController.swift; sourceTree = "<group>"; };
		CA659BD71E3778B900C45208 /* CormetStandaardTableViewCell.swift */ = {isa = PBXFileReference; fileEncoding = 4; lastKnownFileType = sourcecode.swift; path = CormetStandaardTableViewCell.swift; sourceTree = "<group>"; };
		CA8C41AA1E362847009A2BE7 /* StandardAssortimentViewController.swift */ = {isa = PBXFileReference; fileEncoding = 4; lastKnownFileType = sourcecode.swift; path = StandardAssortimentViewController.swift; sourceTree = "<group>"; };
		CA8C41AC1E362999009A2BE7 /* SettingsViewController.swift */ = {isa = PBXFileReference; fileEncoding = 4; lastKnownFileType = sourcecode.swift; path = SettingsViewController.swift; sourceTree = "<group>"; };
		CAE569441E2CF46200E38109 /* users.swift */ = {isa = PBXFileReference; fileEncoding = 4; lastKnownFileType = sourcecode.swift; path = users.swift; sourceTree = "<group>"; };
		CAEBD4691E321B440095640E /* FavoriteTableViewCell.swift */ = {isa = PBXFileReference; fileEncoding = 4; lastKnownFileType = sourcecode.swift; name = FavoriteTableViewCell.swift; path = ../FavoriteTableViewCell.swift; sourceTree = "<group>"; };
		CAEBD46B1E321B7A0095640E /* FavoriteViewController.swift */ = {isa = PBXFileReference; fileEncoding = 4; lastKnownFileType = sourcecode.swift; path = FavoriteViewController.swift; sourceTree = "<group>"; };
		EBB66214A2A1D4D0A90837BF /* Pods-Cuisine.release.xcconfig */ = {isa = PBXFileReference; includeInIndex = 1; lastKnownFileType = text.xcconfig; name = "Pods-Cuisine.release.xcconfig"; path = "Pods/Target Support Files/Pods-Cuisine/Pods-Cuisine.release.xcconfig"; sourceTree = "<group>"; };
/* End PBXFileReference section */

/* Begin PBXFrameworksBuildPhase section */
		CA34ED5F1E24FE0900C8748F /* Frameworks */ = {
			isa = PBXFrameworksBuildPhase;
			buildActionMask = 2147483647;
			files = (
				0FAE5705C2E87D0A046A4151 /* Pods_Cuisine.framework in Frameworks */,
			);
			runOnlyForDeploymentPostprocessing = 0;
		};
/* End PBXFrameworksBuildPhase section */

/* Begin PBXGroup section */
		5A10E6B41B3908106FC20425 /* Pods */ = {
			isa = PBXGroup;
			children = (
				41BAFE43EB1F6DF59C8ABC27 /* Pods-Cuisine.debug.xcconfig */,
				EBB66214A2A1D4D0A90837BF /* Pods-Cuisine.release.xcconfig */,
			);
			name = Pods;
			sourceTree = "<group>";
		};
		72EBF4806CBF23B848697575 /* Frameworks */ = {
			isa = PBXGroup;
			children = (
				518E46E90A6FEA036CBE337D /* Pods_Cuisine.framework */,
			);
			name = Frameworks;
			sourceTree = "<group>";
		};
		CA16B9E81E2B97D8004C1B2E /* objects */ = {
			isa = PBXGroup;
			children = (
				CAE569441E2CF46200E38109 /* users.swift */,
				CA12F2AA1E2E595300C0003A /* meals.swift */,
				CA1238B71E2F842700FE2759 /* week.swift */,
			);
			name = objects;
			sourceTree = "<group>";
		};
		CA16B9E91E2B97E4004C1B2E /* Cells */ = {
			isa = PBXGroup;
			children = (
				CA659BD71E3778B900C45208 /* CormetStandaardTableViewCell.swift */,
				CA12F2B01E2E692200C0003A /* MealsTodayTableViewCell.swift */,
				CA16B9F51E2C13DC004C1B2E /* WeekTableViewCell.swift */,
				CAEBD4691E321B440095640E /* FavoriteTableViewCell.swift */,
				CA12F2B21E2E692C00C0003A /* UsersTableViewCell.swift */,
				CA16B9EB1E2B9F13004C1B2E /* MealsTableViewCell.swift */,
			);
			name = Cells;
			sourceTree = "<group>";
		};
		CA16B9EA1E2B97EA004C1B2E /* Viewcontrollers */ = {
			isa = PBXGroup;
			children = (
				CA12F2AC1E2E68E900C0003A /* UsersViewController.swift */,
				CA659BD11E3765B000C45208 /* CormetMenuViewController.swift */,
				CA659BD31E3765BE00C45208 /* CormetStandaarAssortimentViewController.swift */,
				CA16B9D11E268A91004C1B2E /* LoginViewController.swift */,
				CA8C41AA1E362847009A2BE7 /* StandardAssortimentViewController.swift */,
				CA659BD51E37785C00C45208 /* CormetStandardViewController.swift */,
				CA8C41AC1E362999009A2BE7 /* SettingsViewController.swift */,
				CA16B9F11E2BAE00004C1B2E /* CormetSubmitMealsViewController.swift */,
				CA16B9E51E28F117004C1B2E /* TodayMealsViewController.swift */,
				CAEBD46B1E321B7A0095640E /* FavoriteViewController.swift */,
				CA12F2AE1E2E68F900C0003A /* MenuUserViewController.swift */,
				CA16B9F31E2C13CD004C1B2E /* WeekTableViewController.swift */,
				CA34ED7D1E250B4E00C8748F /* RegisterViewController.swift */,
			);
			name = Viewcontrollers;
			sourceTree = "<group>";
		};
		CA34ED591E24FE0900C8748F = {
			isa = PBXGroup;
			children = (
				CA34ED691E24FE0900C8748F /* Main.storyboard */,
				CA34ED641E24FE0900C8748F /* Cuisine */,
				CA34ED631E24FE0900C8748F /* Products */,
				5A10E6B41B3908106FC20425 /* Pods */,
				72EBF4806CBF23B848697575 /* Frameworks */,
			);
			sourceTree = "<group>";
		};
		CA34ED631E24FE0900C8748F /* Products */ = {
			isa = PBXGroup;
			children = (
				CA34ED621E24FE0900C8748F /* Cuisine.app */,
			);
			name = Products;
			sourceTree = "<group>";
		};
		CA34ED641E24FE0900C8748F /* Cuisine */ = {
			isa = PBXGroup;
			children = (
				CA34ED651E24FE0900C8748F /* AppDelegate.swift */,
				CA16B9E81E2B97D8004C1B2E /* objects */,
				CA16B9E91E2B97E4004C1B2E /* Cells */,
				CA16B9EA1E2B97EA004C1B2E /* Viewcontrollers */,
				CA16B9CD1E2660BF004C1B2E /* GoogleService-Info.plist */,
				CA34ED6C1E24FE0900C8748F /* Assets.xcassets */,
				CA34ED6E1E24FE0900C8748F /* LaunchScreen.storyboard */,
				CA34ED711E24FE0900C8748F /* Info.plist */,
			);
			path = Cuisine;
			sourceTree = "<group>";
		};
/* End PBXGroup section */

/* Begin PBXNativeTarget section */
		CA34ED611E24FE0900C8748F /* Cuisine */ = {
			isa = PBXNativeTarget;
			buildConfigurationList = CA34ED741E24FE0900C8748F /* Build configuration list for PBXNativeTarget "Cuisine" */;
			buildPhases = (
				F7741A120C5EDE03629047E2 /* [CP] Check Pods Manifest.lock */,
				CA34ED5E1E24FE0900C8748F /* Sources */,
				CA34ED5F1E24FE0900C8748F /* Frameworks */,
				CA34ED601E24FE0900C8748F /* Resources */,
				E859859D0556BAA5DA07A247 /* [CP] Embed Pods Frameworks */,
				88C4C523A23C15566571A0F8 /* [CP] Copy Pods Resources */,
			);
			buildRules = (
			);
			dependencies = (
			);
			name = Cuisine;
			productName = Cuisine;
			productReference = CA34ED621E24FE0900C8748F /* Cuisine.app */;
			productType = "com.apple.product-type.application";
		};
/* End PBXNativeTarget section */

/* Begin PBXProject section */
		CA34ED5A1E24FE0900C8748F /* Project object */ = {
			isa = PBXProject;
			attributes = {
				LastSwiftUpdateCheck = 0820;
				LastUpgradeCheck = 0820;
				ORGANIZATIONNAME = "Lois van Vliet";
				TargetAttributes = {
					CA34ED611E24FE0900C8748F = {
						CreatedOnToolsVersion = 8.2.1;
						ProvisioningStyle = Automatic;
					};
				};
			};
			buildConfigurationList = CA34ED5D1E24FE0900C8748F /* Build configuration list for PBXProject "Cuisine" */;
			compatibilityVersion = "Xcode 3.2";
			developmentRegion = English;
			hasScannedForEncodings = 0;
			knownRegions = (
				en,
				Base,
			);
			mainGroup = CA34ED591E24FE0900C8748F;
			productRefGroup = CA34ED631E24FE0900C8748F /* Products */;
			projectDirPath = "";
			projectRoot = "";
			targets = (
				CA34ED611E24FE0900C8748F /* Cuisine */,
			);
		};
/* End PBXProject section */

/* Begin PBXResourcesBuildPhase section */
		CA34ED601E24FE0900C8748F /* Resources */ = {
			isa = PBXResourcesBuildPhase;
			buildActionMask = 2147483647;
			files = (
				CA34ED701E24FE0900C8748F /* LaunchScreen.storyboard in Resources */,
				CA16B9CE1E2660BF004C1B2E /* GoogleService-Info.plist in Resources */,
				CA34ED6D1E24FE0900C8748F /* Assets.xcassets in Resources */,
				CA34ED6B1E24FE0900C8748F /* Main.storyboard in Resources */,
			);
			runOnlyForDeploymentPostprocessing = 0;
		};
/* End PBXResourcesBuildPhase section */

/* Begin PBXShellScriptBuildPhase section */
		88C4C523A23C15566571A0F8 /* [CP] Copy Pods Resources */ = {
			isa = PBXShellScriptBuildPhase;
			buildActionMask = 2147483647;
			files = (
			);
			inputPaths = (
			);
			name = "[CP] Copy Pods Resources";
			outputPaths = (
			);
			runOnlyForDeploymentPostprocessing = 0;
			shellPath = /bin/sh;
			shellScript = "\"${SRCROOT}/Pods/Target Support Files/Pods-Cuisine/Pods-Cuisine-resources.sh\"\n";
			showEnvVarsInLog = 0;
		};
		E859859D0556BAA5DA07A247 /* [CP] Embed Pods Frameworks */ = {
			isa = PBXShellScriptBuildPhase;
			buildActionMask = 2147483647;
			files = (
			);
			inputPaths = (
			);
			name = "[CP] Embed Pods Frameworks";
			outputPaths = (
			);
			runOnlyForDeploymentPostprocessing = 0;
			shellPath = /bin/sh;
			shellScript = "\"${SRCROOT}/Pods/Target Support Files/Pods-Cuisine/Pods-Cuisine-frameworks.sh\"\n";
			showEnvVarsInLog = 0;
		};
		F7741A120C5EDE03629047E2 /* [CP] Check Pods Manifest.lock */ = {
			isa = PBXShellScriptBuildPhase;
			buildActionMask = 2147483647;
			files = (
			);
			inputPaths = (
			);
			name = "[CP] Check Pods Manifest.lock";
			outputPaths = (
			);
			runOnlyForDeploymentPostprocessing = 0;
			shellPath = /bin/sh;
			shellScript = "diff \"${PODS_ROOT}/../Podfile.lock\" \"${PODS_ROOT}/Manifest.lock\" > /dev/null\nif [ $? != 0 ] ; then\n    # print error to STDERR\n    echo \"error: The sandbox is not in sync with the Podfile.lock. Run 'pod install' or update your CocoaPods installation.\" >&2\n    exit 1\nfi\n";
			showEnvVarsInLog = 0;
		};
/* End PBXShellScriptBuildPhase section */

/* Begin PBXSourcesBuildPhase section */
		CA34ED5E1E24FE0900C8748F /* Sources */ = {
			isa = PBXSourcesBuildPhase;
			buildActionMask = 2147483647;
			files = (
				CAE569451E2CF46200E38109 /* users.swift in Sources */,
				CA1238B81E2F842700FE2759 /* week.swift in Sources */,
				CA34ED661E24FE0900C8748F /* AppDelegate.swift in Sources */,
				CA659BD21E3765B000C45208 /* CormetMenuViewController.swift in Sources */,
				CA12F2AB1E2E595300C0003A /* meals.swift in Sources */,
				CA16B9EC1E2B9F13004C1B2E /* MealsTableViewCell.swift in Sources */,
				CA8C41AD1E362999009A2BE7 /* SettingsViewController.swift in Sources */,
				CA12F2AD1E2E68E900C0003A /* UsersViewController.swift in Sources */,
				CAEBD46A1E321B440095640E /* FavoriteTableViewCell.swift in Sources */,
				CA659BD61E37785C00C45208 /* CormetStandardViewController.swift in Sources */,
				CA659BD81E3778B900C45208 /* CormetStandaardTableViewCell.swift in Sources */,
				CA34ED7E1E250B4E00C8748F /* RegisterViewController.swift in Sources */,
				CA16B9F61E2C13DC004C1B2E /* WeekTableViewCell.swift in Sources */,
				CA12F2B31E2E692C00C0003A /* UsersTableViewCell.swift in Sources */,
				CA659BD41E3765BE00C45208 /* CormetStandaarAssortimentViewController.swift in Sources */,
				CA16B9D21E268A91004C1B2E /* LoginViewController.swift in Sources */,
				CA12F2AF1E2E68F900C0003A /* MenuUserViewController.swift in Sources */,
				CAEBD46C1E321B7A0095640E /* FavoriteViewController.swift in Sources */,
				CA8C41AB1E362847009A2BE7 /* StandardAssortimentViewController.swift in Sources */,
				CA16B9F41E2C13CD004C1B2E /* WeekTableViewController.swift in Sources */,
				CA16B9E61E28F117004C1B2E /* TodayMealsViewController.swift in Sources */,
				CA12F2B11E2E692200C0003A /* MealsTodayTableViewCell.swift in Sources */,
				CA16B9F21E2BAE00004C1B2E /* CormetSubmitMealsViewController.swift in Sources */,
			);
			runOnlyForDeploymentPostprocessing = 0;
		};
/* End PBXSourcesBuildPhase section */

/* Begin PBXVariantGroup section */
		CA34ED691E24FE0900C8748F /* Main.storyboard */ = {
			isa = PBXVariantGroup;
			children = (
				CA34ED6A1E24FE0900C8748F /* Base */,
			);
			name = Main.storyboard;
			path = Cuisine;
			sourceTree = "<group>";
		};
		CA34ED6E1E24FE0900C8748F /* LaunchScreen.storyboard */ = {
			isa = PBXVariantGroup;
			children = (
				CA34ED6F1E24FE0900C8748F /* Base */,
			);
			name = LaunchScreen.storyboard;
			sourceTree = "<group>";
		};
/* End PBXVariantGroup section */

/* Begin XCBuildConfiguration section */
		CA34ED721E24FE0900C8748F /* Debug */ = {
			isa = XCBuildConfiguration;
			buildSettings = {
				ALWAYS_SEARCH_USER_PATHS = NO;
				CLANG_ANALYZER_NONNULL = YES;
				CLANG_CXX_LANGUAGE_STANDARD = "gnu++0x";
				CLANG_CXX_LIBRARY = "libc++";
				CLANG_ENABLE_MODULES = YES;
				CLANG_ENABLE_OBJC_ARC = YES;
				CLANG_WARN_BOOL_CONVERSION = YES;
				CLANG_WARN_CONSTANT_CONVERSION = YES;
				CLANG_WARN_DIRECT_OBJC_ISA_USAGE = YES_ERROR;
				CLANG_WARN_DOCUMENTATION_COMMENTS = YES;
				CLANG_WARN_EMPTY_BODY = YES;
				CLANG_WARN_ENUM_CONVERSION = YES;
				CLANG_WARN_INFINITE_RECURSION = YES;
				CLANG_WARN_INT_CONVERSION = YES;
				CLANG_WARN_OBJC_ROOT_CLASS = YES_ERROR;
				CLANG_WARN_SUSPICIOUS_MOVE = YES;
				CLANG_WARN_UNREACHABLE_CODE = YES;
				CLANG_WARN__DUPLICATE_METHOD_MATCH = YES;
				"CODE_SIGN_IDENTITY[sdk=iphoneos*]" = "iPhone Developer";
				COPY_PHASE_STRIP = NO;
				DEBUG_INFORMATION_FORMAT = dwarf;
				ENABLE_STRICT_OBJC_MSGSEND = YES;
				ENABLE_TESTABILITY = YES;
				GCC_C_LANGUAGE_STANDARD = gnu99;
				GCC_DYNAMIC_NO_PIC = NO;
				GCC_NO_COMMON_BLOCKS = YES;
				GCC_OPTIMIZATION_LEVEL = 0;
				GCC_PREPROCESSOR_DEFINITIONS = (
					"DEBUG=1",
					"$(inherited)",
				);
				GCC_WARN_64_TO_32_BIT_CONVERSION = YES;
				GCC_WARN_ABOUT_RETURN_TYPE = YES_ERROR;
				GCC_WARN_UNDECLARED_SELECTOR = YES;
				GCC_WARN_UNINITIALIZED_AUTOS = YES_AGGRESSIVE;
				GCC_WARN_UNUSED_FUNCTION = YES;
				GCC_WARN_UNUSED_VARIABLE = YES;
				IPHONEOS_DEPLOYMENT_TARGET = 10.2;
				MTL_ENABLE_DEBUG_INFO = YES;
				ONLY_ACTIVE_ARCH = YES;
				SDKROOT = iphoneos;
				SWIFT_ACTIVE_COMPILATION_CONDITIONS = DEBUG;
				SWIFT_OPTIMIZATION_LEVEL = "-Onone";
				TARGETED_DEVICE_FAMILY = "1,2";
			};
			name = Debug;
		};
		CA34ED731E24FE0900C8748F /* Release */ = {
			isa = XCBuildConfiguration;
			buildSettings = {
				ALWAYS_SEARCH_USER_PATHS = NO;
				CLANG_ANALYZER_NONNULL = YES;
				CLANG_CXX_LANGUAGE_STANDARD = "gnu++0x";
				CLANG_CXX_LIBRARY = "libc++";
				CLANG_ENABLE_MODULES = YES;
				CLANG_ENABLE_OBJC_ARC = YES;
				CLANG_WARN_BOOL_CONVERSION = YES;
				CLANG_WARN_CONSTANT_CONVERSION = YES;
				CLANG_WARN_DIRECT_OBJC_ISA_USAGE = YES_ERROR;
				CLANG_WARN_DOCUMENTATION_COMMENTS = YES;
				CLANG_WARN_EMPTY_BODY = YES;
				CLANG_WARN_ENUM_CONVERSION = YES;
				CLANG_WARN_INFINITE_RECURSION = YES;
				CLANG_WARN_INT_CONVERSION = YES;
				CLANG_WARN_OBJC_ROOT_CLASS = YES_ERROR;
				CLANG_WARN_SUSPICIOUS_MOVE = YES;
				CLANG_WARN_UNREACHABLE_CODE = YES;
				CLANG_WARN__DUPLICATE_METHOD_MATCH = YES;
				"CODE_SIGN_IDENTITY[sdk=iphoneos*]" = "iPhone Developer";
				COPY_PHASE_STRIP = NO;
				DEBUG_INFORMATION_FORMAT = "dwarf-with-dsym";
				ENABLE_NS_ASSERTIONS = NO;
				ENABLE_STRICT_OBJC_MSGSEND = YES;
				GCC_C_LANGUAGE_STANDARD = gnu99;
				GCC_NO_COMMON_BLOCKS = YES;
				GCC_WARN_64_TO_32_BIT_CONVERSION = YES;
				GCC_WARN_ABOUT_RETURN_TYPE = YES_ERROR;
				GCC_WARN_UNDECLARED_SELECTOR = YES;
				GCC_WARN_UNINITIALIZED_AUTOS = YES_AGGRESSIVE;
				GCC_WARN_UNUSED_FUNCTION = YES;
				GCC_WARN_UNUSED_VARIABLE = YES;
				IPHONEOS_DEPLOYMENT_TARGET = 10.2;
				MTL_ENABLE_DEBUG_INFO = NO;
				SDKROOT = iphoneos;
				SWIFT_OPTIMIZATION_LEVEL = "-Owholemodule";
				TARGETED_DEVICE_FAMILY = "1,2";
				VALIDATE_PRODUCT = YES;
			};
			name = Release;
		};
		CA34ED751E24FE0900C8748F /* Debug */ = {
			isa = XCBuildConfiguration;
			baseConfigurationReference = 41BAFE43EB1F6DF59C8ABC27 /* Pods-Cuisine.debug.xcconfig */;
			buildSettings = {
				ASSETCATALOG_COMPILER_APPICON_NAME = AppIcon;
				INFOPLIST_FILE = Cuisine/Info.plist;
				LD_RUNPATH_SEARCH_PATHS = "$(inherited) @executable_path/Frameworks";
				PRODUCT_BUNDLE_IDENTIFIER = nl.mprog.Cuisine;
				PRODUCT_NAME = "$(TARGET_NAME)";
				SWIFT_VERSION = 3.0;
			};
			name = Debug;
		};
		CA34ED761E24FE0900C8748F /* Release */ = {
			isa = XCBuildConfiguration;
			baseConfigurationReference = EBB66214A2A1D4D0A90837BF /* Pods-Cuisine.release.xcconfig */;
			buildSettings = {
				ASSETCATALOG_COMPILER_APPICON_NAME = AppIcon;
				INFOPLIST_FILE = Cuisine/Info.plist;
				LD_RUNPATH_SEARCH_PATHS = "$(inherited) @executable_path/Frameworks";
				PRODUCT_BUNDLE_IDENTIFIER = nl.mprog.Cuisine;
				PRODUCT_NAME = "$(TARGET_NAME)";
				SWIFT_VERSION = 3.0;
			};
			name = Release;
		};
/* End XCBuildConfiguration section */

/* Begin XCConfigurationList section */
		CA34ED5D1E24FE0900C8748F /* Build configuration list for PBXProject "Cuisine" */ = {
			isa = XCConfigurationList;
			buildConfigurations = (
				CA34ED721E24FE0900C8748F /* Debug */,
				CA34ED731E24FE0900C8748F /* Release */,
			);
			defaultConfigurationIsVisible = 0;
			defaultConfigurationName = Release;
		};
		CA34ED741E24FE0900C8748F /* Build configuration list for PBXNativeTarget "Cuisine" */ = {
			isa = XCConfigurationList;
			buildConfigurations = (
				CA34ED751E24FE0900C8748F /* Debug */,
				CA34ED761E24FE0900C8748F /* Release */,
			);
			defaultConfigurationIsVisible = 0;
			defaultConfigurationName = Release;
		};
/* End XCConfigurationList section */
	};
	rootObject = CA34ED5A1E24FE0900C8748F /* Project object */;
}
